// !$*UTF8*$!
{
	archiveVersion = 1;
	classes = {
	};
	objectVersion = 50;
	objects = {

/* Begin PBXBuildFile section */
		235C117D22FEA59500DAB5AF /* TextSection.swift in Sources */ = {isa = PBXBuildFile; fileRef = 235C117C22FEA59500DAB5AF /* TextSection.swift */; };
		235C117F22FEA5D300DAB5AF /* ImageSection.swift in Sources */ = {isa = PBXBuildFile; fileRef = 235C117E22FEA5D300DAB5AF /* ImageSection.swift */; };
		235C118122FEA60000DAB5AF /* ButtonSection.swift in Sources */ = {isa = PBXBuildFile; fileRef = 235C118022FEA60000DAB5AF /* ButtonSection.swift */; };
		235C118322FEA63F00DAB5AF /* ValueSelectorsSection.swift in Sources */ = {isa = PBXBuildFile; fileRef = 235C118222FEA63F00DAB5AF /* ValueSelectorsSection.swift */; };
		238F7CE022FEAD9400822FD8 /* StacksSection.swift in Sources */ = {isa = PBXBuildFile; fileRef = 238F7CDF22FEAD9400822FD8 /* StacksSection.swift */; };
		238F7CE222FEADA000822FD8 /* HStackView.swift in Sources */ = {isa = PBXBuildFile; fileRef = 238F7CE122FEADA000822FD8 /* HStackView.swift */; };
		238F7CE422FEADAD00822FD8 /* VStackView.swift in Sources */ = {isa = PBXBuildFile; fileRef = 238F7CE322FEADAD00822FD8 /* VStackView.swift */; };
		238F7CE622FEADB800822FD8 /* ZStackView.swift in Sources */ = {isa = PBXBuildFile; fileRef = 238F7CE522FEADB800822FD8 /* ZStackView.swift */; };
		238F7CE922FEAF5200822FD8 /* ListView.swift in Sources */ = {isa = PBXBuildFile; fileRef = 238F7CE822FEAF5200822FD8 /* ListView.swift */; };
		238F7CEB22FEAF5D00822FD8 /* ForEachView.swift in Sources */ = {isa = PBXBuildFile; fileRef = 238F7CEA22FEAF5D00822FD8 /* ForEachView.swift */; };
		238F7CED22FEAF6700822FD8 /* ScrollViewView.swift in Sources */ = {isa = PBXBuildFile; fileRef = 238F7CEC22FEAF6700822FD8 /* ScrollViewView.swift */; };
		238F7CEF22FEAF8600822FD8 /* ListsAndScrollViewsSection.swift in Sources */ = {isa = PBXBuildFile; fileRef = 238F7CEE22FEAF8600822FD8 /* ListsAndScrollViewsSection.swift */; };
		238F7CF222FEB12000822FD8 /* FormView.swift in Sources */ = {isa = PBXBuildFile; fileRef = 238F7CF122FEB12000822FD8 /* FormView.swift */; };
		238F7CF422FEB13D00822FD8 /* GroupView.swift in Sources */ = {isa = PBXBuildFile; fileRef = 238F7CF322FEB13D00822FD8 /* GroupView.swift */; };
		238F7CF822FEB15100822FD8 /* SectionView.swift in Sources */ = {isa = PBXBuildFile; fileRef = 238F7CF722FEB15100822FD8 /* SectionView.swift */; };
		238F7CFA22FEB15C00822FD8 /* ContainerViewsSection.swift in Sources */ = {isa = PBXBuildFile; fileRef = 238F7CF922FEB15C00822FD8 /* ContainerViewsSection.swift */; };
		238F7CFF22FEB2CC00822FD8 /* SpacerView.swift in Sources */ = {isa = PBXBuildFile; fileRef = 238F7CFE22FEB2CC00822FD8 /* SpacerView.swift */; };
		238F7D0122FEB2D700822FD8 /* DividerView.swift in Sources */ = {isa = PBXBuildFile; fileRef = 238F7D0022FEB2D700822FD8 /* DividerView.swift */; };
		238F7D0322FEB2E600822FD8 /* SpacersAndDividerSection.swift in Sources */ = {isa = PBXBuildFile; fileRef = 238F7D0222FEB2E600822FD8 /* SpacersAndDividerSection.swift */; };
		238F7D0622FEB41700822FD8 /* NavigationViewView.swift in Sources */ = {isa = PBXBuildFile; fileRef = 238F7D0522FEB41700822FD8 /* NavigationViewView.swift */; };
		238F7D0822FEB42400822FD8 /* TabViewView.swift in Sources */ = {isa = PBXBuildFile; fileRef = 238F7D0722FEB42400822FD8 /* TabViewView.swift */; };
		238F7D1222FEB46800822FD8 /* ArchitecturalViewsSection.swift in Sources */ = {isa = PBXBuildFile; fileRef = 238F7D1122FEB46800822FD8 /* ArchitecturalViewsSection.swift */; };
		238F7D1722FEB5B100822FD8 /* AlertView.swift in Sources */ = {isa = PBXBuildFile; fileRef = 238F7D1622FEB5B100822FD8 /* AlertView.swift */; };
		238F7D1922FEB5BF00822FD8 /* ActionSheetView.swift in Sources */ = {isa = PBXBuildFile; fileRef = 238F7D1822FEB5BF00822FD8 /* ActionSheetView.swift */; };
		238F7D1B22FEB5F700822FD8 /* EmptyViewView.swift in Sources */ = {isa = PBXBuildFile; fileRef = 238F7D1A22FEB5F700822FD8 /* EmptyViewView.swift */; };
		238F7D1D22FEB60200822FD8 /* EquatableViewView.swift in Sources */ = {isa = PBXBuildFile; fileRef = 238F7D1C22FEB60200822FD8 /* EquatableViewView.swift */; };
		238F7D1F22FEB61600822FD8 /* AnyViewView.swift in Sources */ = {isa = PBXBuildFile; fileRef = 238F7D1E22FEB61600822FD8 /* AnyViewView.swift */; };
		238F7D2122FEB61F00822FD8 /* TupleViewView.swift in Sources */ = {isa = PBXBuildFile; fileRef = 238F7D2022FEB61F00822FD8 /* TupleViewView.swift */; };
		238F7D2322FEB63E00822FD8 /* PresentaitonsSection.swift in Sources */ = {isa = PBXBuildFile; fileRef = 238F7D2222FEB63E00822FD8 /* PresentaitonsSection.swift */; };
		238F7D2522FEB64B00822FD8 /* ConditionallyVisibleItemsSection.swift in Sources */ = {isa = PBXBuildFile; fileRef = 238F7D2422FEB64B00822FD8 /* ConditionallyVisibleItemsSection.swift */; };
		238F7D2722FEB65800822FD8 /* InfrequentlyUsedViewsSection.swift in Sources */ = {isa = PBXBuildFile; fileRef = 238F7D2622FEB65800822FD8 /* InfrequentlyUsedViewsSection.swift */; };
		238F7D2B22FEFC6900822FD8 /* RowItem.swift in Sources */ = {isa = PBXBuildFile; fileRef = 238F7D2A22FEFC6900822FD8 /* RowItem.swift */; };
		238F7D2E230373AE00822FD8 /* TwitterView.swift in Sources */ = {isa = PBXBuildFile; fileRef = 238F7D2D230373AE00822FD8 /* TwitterView.swift */; };
		238F7D32230373E000822FD8 /* TweetCell.swift in Sources */ = {isa = PBXBuildFile; fileRef = 238F7D31230373E000822FD8 /* TweetCell.swift */; };
		238F7D342304C0A400822FD8 /* TweetModel.swift in Sources */ = {isa = PBXBuildFile; fileRef = 238F7D332304C0A400822FD8 /* TweetModel.swift */; };
		23A1069222E3538A00B505B1 /* AppDelegate.swift in Sources */ = {isa = PBXBuildFile; fileRef = 23A1069122E3538A00B505B1 /* AppDelegate.swift */; };
		23A1069422E3538A00B505B1 /* SceneDelegate.swift in Sources */ = {isa = PBXBuildFile; fileRef = 23A1069322E3538A00B505B1 /* SceneDelegate.swift */; };
		23A1069622E3538A00B505B1 /* MainView.swift in Sources */ = {isa = PBXBuildFile; fileRef = 23A1069522E3538A00B505B1 /* MainView.swift */; };
		23A1069822E3538D00B505B1 /* Assets.xcassets in Resources */ = {isa = PBXBuildFile; fileRef = 23A1069722E3538D00B505B1 /* Assets.xcassets */; };
		23A1069B22E3538D00B505B1 /* Preview Assets.xcassets in Resources */ = {isa = PBXBuildFile; fileRef = 23A1069A22E3538D00B505B1 /* Preview Assets.xcassets */; };
		23A1069E22E3538D00B505B1 /* LaunchScreen.storyboard in Resources */ = {isa = PBXBuildFile; fileRef = 23A1069C22E3538D00B505B1 /* LaunchScreen.storyboard */; };
		23B1F09022F9B9180041669F /* TextView.swift in Sources */ = {isa = PBXBuildFile; fileRef = 23B1F08F22F9B9180041669F /* TextView.swift */; };
		23B1F09422F9B94B0041669F /* TextFieldView.swift in Sources */ = {isa = PBXBuildFile; fileRef = 23B1F09122F9B94B0041669F /* TextFieldView.swift */; };
		23B1F09522F9B94B0041669F /* FontView.swift in Sources */ = {isa = PBXBuildFile; fileRef = 23B1F09222F9B94B0041669F /* FontView.swift */; };
		23B1F09622F9B94B0041669F /* SecureFieldView.swift in Sources */ = {isa = PBXBuildFile; fileRef = 23B1F09322F9B94B0041669F /* SecureFieldView.swift */; };
		23B1F09822F9B9880041669F /* ImageView.swift in Sources */ = {isa = PBXBuildFile; fileRef = 23B1F09722F9B9880041669F /* ImageView.swift */; };
		23B1F09F22F9B99D0041669F /* NavigationLinkView.swift in Sources */ = {isa = PBXBuildFile; fileRef = 23B1F09A22F9B99C0041669F /* NavigationLinkView.swift */; };
		23B1F0A022F9B99D0041669F /* ButtonView.swift in Sources */ = {isa = PBXBuildFile; fileRef = 23B1F09B22F9B99C0041669F /* ButtonView.swift */; };
		23B1F0A222F9B99D0041669F /* EditButtonView.swift in Sources */ = {isa = PBXBuildFile; fileRef = 23B1F09D22F9B99C0041669F /* EditButtonView.swift */; };
		23B1F0A522FE68190041669F /* ToggleView.swift in Sources */ = {isa = PBXBuildFile; fileRef = 23B1F0A422FE68190041669F /* ToggleView.swift */; };
		23B1F0A722FE68240041669F /* PickerView.swift in Sources */ = {isa = PBXBuildFile; fileRef = 23B1F0A622FE68240041669F /* PickerView.swift */; };
		23B1F0A922FE682F0041669F /* DatePickerView.swift in Sources */ = {isa = PBXBuildFile; fileRef = 23B1F0A822FE682F0041669F /* DatePickerView.swift */; };
		23B1F0AB22FE68380041669F /* SliderView.swift in Sources */ = {isa = PBXBuildFile; fileRef = 23B1F0AA22FE68380041669F /* SliderView.swift */; };
		23B1F0AD22FE68430041669F /* StepperView.swift in Sources */ = {isa = PBXBuildFile; fileRef = 23B1F0AC22FE68430041669F /* StepperView.swift */; };
		586D129F23067C0900F303B4 /* AnimationView.swift in Sources */ = {isa = PBXBuildFile; fileRef = 586D129E23067C0900F303B4 /* AnimationView.swift */; };
		586D12A123067C3000F303B4 /* AnimatablePairView.swift in Sources */ = {isa = PBXBuildFile; fileRef = 586D12A023067C3000F303B4 /* AnimatablePairView.swift */; };
		586D12A323067C7700F303B4 /* EmptyAnimatableDataView.swift in Sources */ = {isa = PBXBuildFile; fileRef = 586D12A223067C7700F303B4 /* EmptyAnimatableDataView.swift */; };
		586D12A523067C9A00F303B4 /* AnyTransitionView.swift in Sources */ = {isa = PBXBuildFile; fileRef = 586D12A423067C9A00F303B4 /* AnyTransitionView.swift */; };
		586D12A723067CC400F303B4 /* AnimationSection.swift in Sources */ = {isa = PBXBuildFile; fileRef = 586D12A623067CC400F303B4 /* AnimationSection.swift */; };
		586D12A923067DEB00F303B4 /* RectangleView.swift in Sources */ = {isa = PBXBuildFile; fileRef = 586D12A823067DEB00F303B4 /* RectangleView.swift */; };
		586D12AB23067E0500F303B4 /* RoundedRectangleView.swift in Sources */ = {isa = PBXBuildFile; fileRef = 586D12AA23067E0500F303B4 /* RoundedRectangleView.swift */; };
		586D12AD23067E1D00F303B4 /* CircleView.swift in Sources */ = {isa = PBXBuildFile; fileRef = 586D12AC23067E1D00F303B4 /* CircleView.swift */; };
		586D12AF23067E3200F303B4 /* EllipseView.swift in Sources */ = {isa = PBXBuildFile; fileRef = 586D12AE23067E3200F303B4 /* EllipseView.swift */; };
		586D12B123067E4700F303B4 /* CapsuleView.swift in Sources */ = {isa = PBXBuildFile; fileRef = 586D12B023067E4700F303B4 /* CapsuleView.swift */; };
		586D12B323067E5900F303B4 /* PathView.swift in Sources */ = {isa = PBXBuildFile; fileRef = 586D12B223067E5900F303B4 /* PathView.swift */; };
		586D12B523067E6A00F303B4 /* ShapesSection.swift in Sources */ = {isa = PBXBuildFile; fileRef = 586D12B423067E6A00F303B4 /* ShapesSection.swift */; };
		586D12B72306807F00F303B4 /* ScaledShapeView.swift in Sources */ = {isa = PBXBuildFile; fileRef = 586D12B62306807F00F303B4 /* ScaledShapeView.swift */; };
		586D12B9230680AA00F303B4 /* RotatedShapeView.swift in Sources */ = {isa = PBXBuildFile; fileRef = 586D12B8230680AA00F303B4 /* RotatedShapeView.swift */; };
		586D12BB230680BD00F303B4 /* OffsetShapeView.swift in Sources */ = {isa = PBXBuildFile; fileRef = 586D12BA230680BD00F303B4 /* OffsetShapeView.swift */; };
		586D12BD230680D100F303B4 /* TransformedShapeView.swift in Sources */ = {isa = PBXBuildFile; fileRef = 586D12BC230680D100F303B4 /* TransformedShapeView.swift */; };
		586D12BF230680ED00F303B4 /* TransformedShapesSection.swift in Sources */ = {isa = PBXBuildFile; fileRef = 586D12BE230680ED00F303B4 /* TransformedShapesSection.swift */; };
		586D12C1230681D500F303B4 /* ColorView.swift in Sources */ = {isa = PBXBuildFile; fileRef = 586D12C0230681D500F303B4 /* ColorView.swift */; };
		586D12C3230681E900F303B4 /* ImagePaintView.swift in Sources */ = {isa = PBXBuildFile; fileRef = 586D12C2230681E900F303B4 /* ImagePaintView.swift */; };
		586D12C52306820400F303B4 /* GradientView.swift in Sources */ = {isa = PBXBuildFile; fileRef = 586D12C42306820400F303B4 /* GradientView.swift */; };
		586D12C72306821900F303B4 /* LinearGradientView.swift in Sources */ = {isa = PBXBuildFile; fileRef = 586D12C62306821900F303B4 /* LinearGradientView.swift */; };
		586D12C92306823300F303B4 /* AngularGradientView.swift in Sources */ = {isa = PBXBuildFile; fileRef = 586D12C82306823300F303B4 /* AngularGradientView.swift */; };
		586D12CB2306824900F303B4 /* RadialGradientView.swift in Sources */ = {isa = PBXBuildFile; fileRef = 586D12CA2306824900F303B4 /* RadialGradientView.swift */; };
		586D12CD2306827800F303B4 /* FillStyleView.swift in Sources */ = {isa = PBXBuildFile; fileRef = 586D12CC2306827800F303B4 /* FillStyleView.swift */; };
		586D12CF2306829E00F303B4 /* StrokeStyleView.swift in Sources */ = {isa = PBXBuildFile; fileRef = 586D12CE2306829E00F303B4 /* StrokeStyleView.swift */; };
		586D12D1230682BA00F303B4 /* PaintsStylesAndGradientsSection.swift in Sources */ = {isa = PBXBuildFile; fileRef = 586D12D0230682BA00F303B4 /* PaintsStylesAndGradientsSection.swift */; };
		586D12D3230683E900F303B4 /* GeometryProxyView.swift in Sources */ = {isa = PBXBuildFile; fileRef = 586D12D2230683E900F303B4 /* GeometryProxyView.swift */; };
		586D12D5230683FB00F303B4 /* GeometryReaderView.swift in Sources */ = {isa = PBXBuildFile; fileRef = 586D12D4230683FB00F303B4 /* GeometryReaderView.swift */; };
		586D12D72306840D00F303B4 /* AngleView.swift in Sources */ = {isa = PBXBuildFile; fileRef = 586D12D62306840D00F303B4 /* AngleView.swift */; };
		586D12D92306842100F303B4 /* AnchorView.swift in Sources */ = {isa = PBXBuildFile; fileRef = 586D12D82306842100F303B4 /* AnchorView.swift */; };
		586D12DB2306845200F303B4 /* UnitPointView.swift in Sources */ = {isa = PBXBuildFile; fileRef = 586D12DA2306845200F303B4 /* UnitPointView.swift */; };
		586D12DD2306846600F303B4 /* ProjectionTransformView.swift in Sources */ = {isa = PBXBuildFile; fileRef = 586D12DC2306846600F303B4 /* ProjectionTransformView.swift */; };
		586D12DF2306847600F303B4 /* GeometrySection.swift in Sources */ = {isa = PBXBuildFile; fileRef = 586D12DE2306847600F303B4 /* GeometrySection.swift */; };
/* End PBXBuildFile section */

/* Begin PBXFileReference section */
		235C117C22FEA59500DAB5AF /* TextSection.swift */ = {isa = PBXFileReference; lastKnownFileType = sourcecode.swift; path = TextSection.swift; sourceTree = "<group>"; };
		235C117E22FEA5D300DAB5AF /* ImageSection.swift */ = {isa = PBXFileReference; lastKnownFileType = sourcecode.swift; path = ImageSection.swift; sourceTree = "<group>"; };
		235C118022FEA60000DAB5AF /* ButtonSection.swift */ = {isa = PBXFileReference; lastKnownFileType = sourcecode.swift; path = ButtonSection.swift; sourceTree = "<group>"; };
		235C118222FEA63F00DAB5AF /* ValueSelectorsSection.swift */ = {isa = PBXFileReference; lastKnownFileType = sourcecode.swift; path = ValueSelectorsSection.swift; sourceTree = "<group>"; };
		238F7CDF22FEAD9400822FD8 /* StacksSection.swift */ = {isa = PBXFileReference; lastKnownFileType = sourcecode.swift; path = StacksSection.swift; sourceTree = "<group>"; };
		238F7CE122FEADA000822FD8 /* HStackView.swift */ = {isa = PBXFileReference; lastKnownFileType = sourcecode.swift; path = HStackView.swift; sourceTree = "<group>"; };
		238F7CE322FEADAD00822FD8 /* VStackView.swift */ = {isa = PBXFileReference; lastKnownFileType = sourcecode.swift; path = VStackView.swift; sourceTree = "<group>"; };
		238F7CE522FEADB800822FD8 /* ZStackView.swift */ = {isa = PBXFileReference; lastKnownFileType = sourcecode.swift; path = ZStackView.swift; sourceTree = "<group>"; };
		238F7CE822FEAF5200822FD8 /* ListView.swift */ = {isa = PBXFileReference; lastKnownFileType = sourcecode.swift; path = ListView.swift; sourceTree = "<group>"; };
		238F7CEA22FEAF5D00822FD8 /* ForEachView.swift */ = {isa = PBXFileReference; lastKnownFileType = sourcecode.swift; path = ForEachView.swift; sourceTree = "<group>"; };
		238F7CEC22FEAF6700822FD8 /* ScrollViewView.swift */ = {isa = PBXFileReference; lastKnownFileType = sourcecode.swift; path = ScrollViewView.swift; sourceTree = "<group>"; };
		238F7CEE22FEAF8600822FD8 /* ListsAndScrollViewsSection.swift */ = {isa = PBXFileReference; lastKnownFileType = sourcecode.swift; path = ListsAndScrollViewsSection.swift; sourceTree = "<group>"; };
		238F7CF122FEB12000822FD8 /* FormView.swift */ = {isa = PBXFileReference; lastKnownFileType = sourcecode.swift; path = FormView.swift; sourceTree = "<group>"; };
		238F7CF322FEB13D00822FD8 /* GroupView.swift */ = {isa = PBXFileReference; lastKnownFileType = sourcecode.swift; path = GroupView.swift; sourceTree = "<group>"; };
		238F7CF722FEB15100822FD8 /* SectionView.swift */ = {isa = PBXFileReference; lastKnownFileType = sourcecode.swift; path = SectionView.swift; sourceTree = "<group>"; };
		238F7CF922FEB15C00822FD8 /* ContainerViewsSection.swift */ = {isa = PBXFileReference; lastKnownFileType = sourcecode.swift; path = ContainerViewsSection.swift; sourceTree = "<group>"; };
		238F7CFE22FEB2CC00822FD8 /* SpacerView.swift */ = {isa = PBXFileReference; lastKnownFileType = sourcecode.swift; path = SpacerView.swift; sourceTree = "<group>"; };
		238F7D0022FEB2D700822FD8 /* DividerView.swift */ = {isa = PBXFileReference; lastKnownFileType = sourcecode.swift; path = DividerView.swift; sourceTree = "<group>"; };
		238F7D0222FEB2E600822FD8 /* SpacersAndDividerSection.swift */ = {isa = PBXFileReference; lastKnownFileType = sourcecode.swift; path = SpacersAndDividerSection.swift; sourceTree = "<group>"; };
		238F7D0522FEB41700822FD8 /* NavigationViewView.swift */ = {isa = PBXFileReference; lastKnownFileType = sourcecode.swift; path = NavigationViewView.swift; sourceTree = "<group>"; };
		238F7D0722FEB42400822FD8 /* TabViewView.swift */ = {isa = PBXFileReference; lastKnownFileType = sourcecode.swift; path = TabViewView.swift; sourceTree = "<group>"; };
		238F7D1122FEB46800822FD8 /* ArchitecturalViewsSection.swift */ = {isa = PBXFileReference; lastKnownFileType = sourcecode.swift; path = ArchitecturalViewsSection.swift; sourceTree = "<group>"; };
		238F7D1622FEB5B100822FD8 /* AlertView.swift */ = {isa = PBXFileReference; lastKnownFileType = sourcecode.swift; path = AlertView.swift; sourceTree = "<group>"; };
		238F7D1822FEB5BF00822FD8 /* ActionSheetView.swift */ = {isa = PBXFileReference; lastKnownFileType = sourcecode.swift; path = ActionSheetView.swift; sourceTree = "<group>"; };
		238F7D1A22FEB5F700822FD8 /* EmptyViewView.swift */ = {isa = PBXFileReference; lastKnownFileType = sourcecode.swift; path = EmptyViewView.swift; sourceTree = "<group>"; };
		238F7D1C22FEB60200822FD8 /* EquatableViewView.swift */ = {isa = PBXFileReference; lastKnownFileType = sourcecode.swift; path = EquatableViewView.swift; sourceTree = "<group>"; };
		238F7D1E22FEB61600822FD8 /* AnyViewView.swift */ = {isa = PBXFileReference; lastKnownFileType = sourcecode.swift; path = AnyViewView.swift; sourceTree = "<group>"; };
		238F7D2022FEB61F00822FD8 /* TupleViewView.swift */ = {isa = PBXFileReference; lastKnownFileType = sourcecode.swift; path = TupleViewView.swift; sourceTree = "<group>"; };
		238F7D2222FEB63E00822FD8 /* PresentaitonsSection.swift */ = {isa = PBXFileReference; lastKnownFileType = sourcecode.swift; path = PresentaitonsSection.swift; sourceTree = "<group>"; };
		238F7D2422FEB64B00822FD8 /* ConditionallyVisibleItemsSection.swift */ = {isa = PBXFileReference; lastKnownFileType = sourcecode.swift; path = ConditionallyVisibleItemsSection.swift; sourceTree = "<group>"; };
		238F7D2622FEB65800822FD8 /* InfrequentlyUsedViewsSection.swift */ = {isa = PBXFileReference; lastKnownFileType = sourcecode.swift; path = InfrequentlyUsedViewsSection.swift; sourceTree = "<group>"; };
		238F7D2A22FEFC6900822FD8 /* RowItem.swift */ = {isa = PBXFileReference; lastKnownFileType = sourcecode.swift; path = RowItem.swift; sourceTree = "<group>"; };
		238F7D2D230373AE00822FD8 /* TwitterView.swift */ = {isa = PBXFileReference; lastKnownFileType = sourcecode.swift; path = TwitterView.swift; sourceTree = "<group>"; };
		238F7D31230373E000822FD8 /* TweetCell.swift */ = {isa = PBXFileReference; lastKnownFileType = sourcecode.swift; path = TweetCell.swift; sourceTree = "<group>"; };
		238F7D332304C0A400822FD8 /* TweetModel.swift */ = {isa = PBXFileReference; lastKnownFileType = sourcecode.swift; path = TweetModel.swift; sourceTree = "<group>"; };
		23A1068E22E3538A00B505B1 /* SwiftUICatalog.app */ = {isa = PBXFileReference; explicitFileType = wrapper.application; includeInIndex = 0; path = SwiftUICatalog.app; sourceTree = BUILT_PRODUCTS_DIR; };
		23A1069122E3538A00B505B1 /* AppDelegate.swift */ = {isa = PBXFileReference; lastKnownFileType = sourcecode.swift; path = AppDelegate.swift; sourceTree = "<group>"; };
		23A1069322E3538A00B505B1 /* SceneDelegate.swift */ = {isa = PBXFileReference; lastKnownFileType = sourcecode.swift; path = SceneDelegate.swift; sourceTree = "<group>"; };
		23A1069522E3538A00B505B1 /* MainView.swift */ = {isa = PBXFileReference; lastKnownFileType = sourcecode.swift; path = MainView.swift; sourceTree = "<group>"; };
		23A1069722E3538D00B505B1 /* Assets.xcassets */ = {isa = PBXFileReference; lastKnownFileType = folder.assetcatalog; path = Assets.xcassets; sourceTree = "<group>"; };
		23A1069A22E3538D00B505B1 /* Preview Assets.xcassets */ = {isa = PBXFileReference; lastKnownFileType = folder.assetcatalog; path = "Preview Assets.xcassets"; sourceTree = "<group>"; };
		23A1069D22E3538D00B505B1 /* Base */ = {isa = PBXFileReference; lastKnownFileType = file.storyboard; name = Base; path = Base.lproj/LaunchScreen.storyboard; sourceTree = "<group>"; };
		23A1069F22E3538D00B505B1 /* Info.plist */ = {isa = PBXFileReference; lastKnownFileType = text.plist.xml; path = Info.plist; sourceTree = "<group>"; };
		23B1F08F22F9B9180041669F /* TextView.swift */ = {isa = PBXFileReference; fileEncoding = 4; lastKnownFileType = sourcecode.swift; path = TextView.swift; sourceTree = "<group>"; };
		23B1F09122F9B94B0041669F /* TextFieldView.swift */ = {isa = PBXFileReference; fileEncoding = 4; lastKnownFileType = sourcecode.swift; path = TextFieldView.swift; sourceTree = "<group>"; };
		23B1F09222F9B94B0041669F /* FontView.swift */ = {isa = PBXFileReference; fileEncoding = 4; lastKnownFileType = sourcecode.swift; path = FontView.swift; sourceTree = "<group>"; };
		23B1F09322F9B94B0041669F /* SecureFieldView.swift */ = {isa = PBXFileReference; fileEncoding = 4; lastKnownFileType = sourcecode.swift; path = SecureFieldView.swift; sourceTree = "<group>"; };
		23B1F09722F9B9880041669F /* ImageView.swift */ = {isa = PBXFileReference; fileEncoding = 4; lastKnownFileType = sourcecode.swift; path = ImageView.swift; sourceTree = "<group>"; };
		23B1F09A22F9B99C0041669F /* NavigationLinkView.swift */ = {isa = PBXFileReference; fileEncoding = 4; lastKnownFileType = sourcecode.swift; path = NavigationLinkView.swift; sourceTree = "<group>"; };
		23B1F09B22F9B99C0041669F /* ButtonView.swift */ = {isa = PBXFileReference; fileEncoding = 4; lastKnownFileType = sourcecode.swift; path = ButtonView.swift; sourceTree = "<group>"; };
		23B1F09D22F9B99C0041669F /* EditButtonView.swift */ = {isa = PBXFileReference; fileEncoding = 4; lastKnownFileType = sourcecode.swift; path = EditButtonView.swift; sourceTree = "<group>"; };
		23B1F0A422FE68190041669F /* ToggleView.swift */ = {isa = PBXFileReference; lastKnownFileType = sourcecode.swift; path = ToggleView.swift; sourceTree = "<group>"; };
		23B1F0A622FE68240041669F /* PickerView.swift */ = {isa = PBXFileReference; lastKnownFileType = sourcecode.swift; path = PickerView.swift; sourceTree = "<group>"; };
		23B1F0A822FE682F0041669F /* DatePickerView.swift */ = {isa = PBXFileReference; lastKnownFileType = sourcecode.swift; path = DatePickerView.swift; sourceTree = "<group>"; };
		23B1F0AA22FE68380041669F /* SliderView.swift */ = {isa = PBXFileReference; lastKnownFileType = sourcecode.swift; path = SliderView.swift; sourceTree = "<group>"; };
		23B1F0AC22FE68430041669F /* StepperView.swift */ = {isa = PBXFileReference; lastKnownFileType = sourcecode.swift; path = StepperView.swift; sourceTree = "<group>"; };
		586D129E23067C0900F303B4 /* AnimationView.swift */ = {isa = PBXFileReference; lastKnownFileType = sourcecode.swift; name = AnimationView.swift; path = ../../../../../../../System/Volumes/Data/Users/ishikawamasayuki/Desktop/SwiftUICatalog/SwiftUICatalog/DrawingAndAnimation/Animation/AnimationView.swift; sourceTree = "<group>"; };
		586D12A023067C3000F303B4 /* AnimatablePairView.swift */ = {isa = PBXFileReference; lastKnownFileType = sourcecode.swift; name = AnimatablePairView.swift; path = ../../../../../../../System/Volumes/Data/Users/ishikawamasayuki/Desktop/SwiftUICatalog/SwiftUICatalog/DrawingAndAnimation/Animation/AnimatablePairView.swift; sourceTree = "<group>"; };
		586D12A223067C7700F303B4 /* EmptyAnimatableDataView.swift */ = {isa = PBXFileReference; lastKnownFileType = sourcecode.swift; name = EmptyAnimatableDataView.swift; path = ../../../../../../../System/Volumes/Data/Users/ishikawamasayuki/Desktop/SwiftUICatalog/SwiftUICatalog/DrawingAndAnimation/Animation/EmptyAnimatableDataView.swift; sourceTree = "<group>"; };
		586D12A423067C9A00F303B4 /* AnyTransitionView.swift */ = {isa = PBXFileReference; lastKnownFileType = sourcecode.swift; name = AnyTransitionView.swift; path = ../../../../../../../System/Volumes/Data/Users/ishikawamasayuki/Desktop/SwiftUICatalog/SwiftUICatalog/DrawingAndAnimation/Animation/AnyTransitionView.swift; sourceTree = "<group>"; };
		586D12A623067CC400F303B4 /* AnimationSection.swift */ = {isa = PBXFileReference; lastKnownFileType = sourcecode.swift; name = AnimationSection.swift; path = ../../../../../../../System/Volumes/Data/Users/ishikawamasayuki/Desktop/SwiftUICatalog/SwiftUICatalog/DrawingAndAnimation/Animation/AnimationSection.swift; sourceTree = "<group>"; };
		586D12A823067DEB00F303B4 /* RectangleView.swift */ = {isa = PBXFileReference; lastKnownFileType = sourcecode.swift; name = RectangleView.swift; path = ../../../../../../../System/Volumes/Data/Users/ishikawamasayuki/Desktop/SwiftUICatalog/SwiftUICatalog/DrawingAndAnimation/Shapes/RectangleView.swift; sourceTree = "<group>"; };
		586D12AA23067E0500F303B4 /* RoundedRectangleView.swift */ = {isa = PBXFileReference; lastKnownFileType = sourcecode.swift; name = RoundedRectangleView.swift; path = ../../../../../../../System/Volumes/Data/Users/ishikawamasayuki/Desktop/SwiftUICatalog/SwiftUICatalog/DrawingAndAnimation/Shapes/RoundedRectangleView.swift; sourceTree = "<group>"; };
		586D12AC23067E1D00F303B4 /* CircleView.swift */ = {isa = PBXFileReference; lastKnownFileType = sourcecode.swift; name = CircleView.swift; path = ../../../../../../../System/Volumes/Data/Users/ishikawamasayuki/Desktop/SwiftUICatalog/SwiftUICatalog/DrawingAndAnimation/Shapes/CircleView.swift; sourceTree = "<group>"; };
		586D12AE23067E3200F303B4 /* EllipseView.swift */ = {isa = PBXFileReference; lastKnownFileType = sourcecode.swift; name = EllipseView.swift; path = ../../../../../../../System/Volumes/Data/Users/ishikawamasayuki/Desktop/SwiftUICatalog/SwiftUICatalog/DrawingAndAnimation/Shapes/EllipseView.swift; sourceTree = "<group>"; };
		586D12B023067E4700F303B4 /* CapsuleView.swift */ = {isa = PBXFileReference; lastKnownFileType = sourcecode.swift; name = CapsuleView.swift; path = ../../../../../../../System/Volumes/Data/Users/ishikawamasayuki/Desktop/SwiftUICatalog/SwiftUICatalog/DrawingAndAnimation/Shapes/CapsuleView.swift; sourceTree = "<group>"; };
		586D12B223067E5900F303B4 /* PathView.swift */ = {isa = PBXFileReference; lastKnownFileType = sourcecode.swift; name = PathView.swift; path = ../../../../../../../System/Volumes/Data/Users/ishikawamasayuki/Desktop/SwiftUICatalog/SwiftUICatalog/DrawingAndAnimation/Shapes/PathView.swift; sourceTree = "<group>"; };
		586D12B423067E6A00F303B4 /* ShapesSection.swift */ = {isa = PBXFileReference; lastKnownFileType = sourcecode.swift; name = ShapesSection.swift; path = ../../../../../../../System/Volumes/Data/Users/ishikawamasayuki/Desktop/SwiftUICatalog/SwiftUICatalog/DrawingAndAnimation/Shapes/ShapesSection.swift; sourceTree = "<group>"; };
		586D12B62306807F00F303B4 /* ScaledShapeView.swift */ = {isa = PBXFileReference; lastKnownFileType = sourcecode.swift; name = ScaledShapeView.swift; path = "../../../../../../../System/Volumes/Data/Users/ishikawamasayuki/Desktop/SwiftUICatalog/SwiftUICatalog/DrawingAndAnimation/TransformedShapes /ScaledShapeView.swift"; sourceTree = "<group>"; };
		586D12B8230680AA00F303B4 /* RotatedShapeView.swift */ = {isa = PBXFileReference; lastKnownFileType = sourcecode.swift; name = RotatedShapeView.swift; path = "../../../../../../../System/Volumes/Data/Users/ishikawamasayuki/Desktop/SwiftUICatalog/SwiftUICatalog/DrawingAndAnimation/TransformedShapes /RotatedShapeView.swift"; sourceTree = "<group>"; };
		586D12BA230680BD00F303B4 /* OffsetShapeView.swift */ = {isa = PBXFileReference; lastKnownFileType = sourcecode.swift; name = OffsetShapeView.swift; path = "../../../../../../../System/Volumes/Data/Users/ishikawamasayuki/Desktop/SwiftUICatalog/SwiftUICatalog/DrawingAndAnimation/TransformedShapes /OffsetShapeView.swift"; sourceTree = "<group>"; };
		586D12BC230680D100F303B4 /* TransformedShapeView.swift */ = {isa = PBXFileReference; lastKnownFileType = sourcecode.swift; name = TransformedShapeView.swift; path = "../../../../../../../System/Volumes/Data/Users/ishikawamasayuki/Desktop/SwiftUICatalog/SwiftUICatalog/DrawingAndAnimation/TransformedShapes /TransformedShapeView.swift"; sourceTree = "<group>"; };
		586D12BE230680ED00F303B4 /* TransformedShapesSection.swift */ = {isa = PBXFileReference; lastKnownFileType = sourcecode.swift; name = TransformedShapesSection.swift; path = "../../../../../../../System/Volumes/Data/Users/ishikawamasayuki/Desktop/SwiftUICatalog/SwiftUICatalog/DrawingAndAnimation/TransformedShapes /TransformedShapesSection.swift"; sourceTree = "<group>"; };
		586D12C0230681D500F303B4 /* ColorView.swift */ = {isa = PBXFileReference; lastKnownFileType = sourcecode.swift; name = ColorView.swift; path = ../../../../../../../System/Volumes/Data/Users/ishikawamasayuki/Desktop/SwiftUICatalog/SwiftUICatalog/DrawingAndAnimation/PaintsStylesAndGradients/ColorView.swift; sourceTree = "<group>"; };
		586D12C2230681E900F303B4 /* ImagePaintView.swift */ = {isa = PBXFileReference; lastKnownFileType = sourcecode.swift; name = ImagePaintView.swift; path = ../../../../../../../System/Volumes/Data/Users/ishikawamasayuki/Desktop/SwiftUICatalog/SwiftUICatalog/DrawingAndAnimation/PaintsStylesAndGradients/ImagePaintView.swift; sourceTree = "<group>"; };
		586D12C42306820400F303B4 /* GradientView.swift */ = {isa = PBXFileReference; lastKnownFileType = sourcecode.swift; name = GradientView.swift; path = ../../../../../../../System/Volumes/Data/Users/ishikawamasayuki/Desktop/SwiftUICatalog/SwiftUICatalog/DrawingAndAnimation/PaintsStylesAndGradients/GradientView.swift; sourceTree = "<group>"; };
		586D12C62306821900F303B4 /* LinearGradientView.swift */ = {isa = PBXFileReference; lastKnownFileType = sourcecode.swift; name = LinearGradientView.swift; path = ../../../../../../../System/Volumes/Data/Users/ishikawamasayuki/Desktop/SwiftUICatalog/SwiftUICatalog/DrawingAndAnimation/PaintsStylesAndGradients/LinearGradientView.swift; sourceTree = "<group>"; };
		586D12C82306823300F303B4 /* AngularGradientView.swift */ = {isa = PBXFileReference; lastKnownFileType = sourcecode.swift; name = AngularGradientView.swift; path = ../../../../../../../System/Volumes/Data/Users/ishikawamasayuki/Desktop/SwiftUICatalog/SwiftUICatalog/DrawingAndAnimation/PaintsStylesAndGradients/AngularGradientView.swift; sourceTree = "<group>"; };
		586D12CA2306824900F303B4 /* RadialGradientView.swift */ = {isa = PBXFileReference; lastKnownFileType = sourcecode.swift; name = RadialGradientView.swift; path = ../../../../../../../System/Volumes/Data/Users/ishikawamasayuki/Desktop/SwiftUICatalog/SwiftUICatalog/DrawingAndAnimation/PaintsStylesAndGradients/RadialGradientView.swift; sourceTree = "<group>"; };
		586D12CC2306827800F303B4 /* FillStyleView.swift */ = {isa = PBXFileReference; lastKnownFileType = sourcecode.swift; name = FillStyleView.swift; path = ../../../../../../../System/Volumes/Data/Users/ishikawamasayuki/Desktop/SwiftUICatalog/SwiftUICatalog/DrawingAndAnimation/PaintsStylesAndGradients/FillStyleView.swift; sourceTree = "<group>"; };
		586D12CE2306829E00F303B4 /* StrokeStyleView.swift */ = {isa = PBXFileReference; lastKnownFileType = sourcecode.swift; name = StrokeStyleView.swift; path = ../../../../../../../System/Volumes/Data/Users/ishikawamasayuki/Desktop/SwiftUICatalog/SwiftUICatalog/DrawingAndAnimation/PaintsStylesAndGradients/StrokeStyleView.swift; sourceTree = "<group>"; };
		586D12D0230682BA00F303B4 /* PaintsStylesAndGradientsSection.swift */ = {isa = PBXFileReference; lastKnownFileType = sourcecode.swift; name = PaintsStylesAndGradientsSection.swift; path = ../../../../../../../System/Volumes/Data/Users/ishikawamasayuki/Desktop/SwiftUICatalog/SwiftUICatalog/DrawingAndAnimation/PaintsStylesAndGradients/PaintsStylesAndGradientsSection.swift; sourceTree = "<group>"; };
		586D12D2230683E900F303B4 /* GeometryProxyView.swift */ = {isa = PBXFileReference; lastKnownFileType = sourcecode.swift; name = GeometryProxyView.swift; path = ../../../../../../../System/Volumes/Data/Users/ishikawamasayuki/Desktop/SwiftUICatalog/SwiftUICatalog/DrawingAndAnimation/Geometry/GeometryProxyView.swift; sourceTree = "<group>"; };
		586D12D4230683FB00F303B4 /* GeometryReaderView.swift */ = {isa = PBXFileReference; lastKnownFileType = sourcecode.swift; name = GeometryReaderView.swift; path = ../../../../../../../System/Volumes/Data/Users/ishikawamasayuki/Desktop/SwiftUICatalog/SwiftUICatalog/DrawingAndAnimation/Geometry/GeometryReaderView.swift; sourceTree = "<group>"; };
		586D12D62306840D00F303B4 /* AngleView.swift */ = {isa = PBXFileReference; lastKnownFileType = sourcecode.swift; name = AngleView.swift; path = ../../../../../../../System/Volumes/Data/Users/ishikawamasayuki/Desktop/SwiftUICatalog/SwiftUICatalog/DrawingAndAnimation/Geometry/AngleView.swift; sourceTree = "<group>"; };
		586D12D82306842100F303B4 /* AnchorView.swift */ = {isa = PBXFileReference; lastKnownFileType = sourcecode.swift; name = AnchorView.swift; path = ../../../../../../../System/Volumes/Data/Users/ishikawamasayuki/Desktop/SwiftUICatalog/SwiftUICatalog/DrawingAndAnimation/Geometry/AnchorView.swift; sourceTree = "<group>"; };
		586D12DA2306845200F303B4 /* UnitPointView.swift */ = {isa = PBXFileReference; lastKnownFileType = sourcecode.swift; name = UnitPointView.swift; path = ../../../../../../../System/Volumes/Data/Users/ishikawamasayuki/Desktop/SwiftUICatalog/SwiftUICatalog/DrawingAndAnimation/Geometry/UnitPointView.swift; sourceTree = "<group>"; };
		586D12DC2306846600F303B4 /* ProjectionTransformView.swift */ = {isa = PBXFileReference; lastKnownFileType = sourcecode.swift; name = ProjectionTransformView.swift; path = ../../../../../../../System/Volumes/Data/Users/ishikawamasayuki/Desktop/SwiftUICatalog/SwiftUICatalog/DrawingAndAnimation/Geometry/ProjectionTransformView.swift; sourceTree = "<group>"; };
		586D12DE2306847600F303B4 /* GeometrySection.swift */ = {isa = PBXFileReference; lastKnownFileType = sourcecode.swift; name = GeometrySection.swift; path = ../../../../../../../System/Volumes/Data/Users/ishikawamasayuki/Desktop/SwiftUICatalog/SwiftUICatalog/DrawingAndAnimation/Geometry/GeometrySection.swift; sourceTree = "<group>"; };
/* End PBXFileReference section */

/* Begin PBXFrameworksBuildPhase section */
		23A1068B22E3538A00B505B1 /* Frameworks */ = {
			isa = PBXFrameworksBuildPhase;
			buildActionMask = 2147483647;
			files = (
			);
			runOnlyForDeploymentPostprocessing = 0;
		};
/* End PBXFrameworksBuildPhase section */

/* Begin PBXGroup section */
		238F7CDD22FEAD3A00822FD8 /* Stacks */ = {
			isa = PBXGroup;
			children = (
				238F7CE122FEADA000822FD8 /* HStackView.swift */,
				238F7CDF22FEAD9400822FD8 /* StacksSection.swift */,
				238F7CE322FEADAD00822FD8 /* VStackView.swift */,
				238F7CE522FEADB800822FD8 /* ZStackView.swift */,
			);
			path = Stacks;
			sourceTree = "<group>";
		};
		238F7CDE22FEAD6000822FD8 /* ViewLayoutAndPresentation  */ = {
			isa = PBXGroup;
			children = (
				238F7CDD22FEAD3A00822FD8 /* Stacks */,
				238F7CE722FEAF2300822FD8 /* ListsAndScrollViews */,
				238F7CF022FEB10100822FD8 /* ContainerViews */,
				238F7CFB22FEB28700822FD8 /* SpacersAndDividers */,
				238F7D0422FEB3F500822FD8 /* ArchitecturalViews  */,
				238F7D1322FEB56700822FD8 /* Presentaions */,
				238F7D1422FEB57400822FD8 /* ConditionallyVisibleItems */,
				238F7D1522FEB59100822FD8 /* InfrequentlyUsedViews  */,
			);
			path = "ViewLayoutAndPresentation ";
			sourceTree = "<group>";
		};
		238F7CE722FEAF2300822FD8 /* ListsAndScrollViews */ = {
			isa = PBXGroup;
			children = (
				238F7CEA22FEAF5D00822FD8 /* ForEachView.swift */,
				238F7CE822FEAF5200822FD8 /* ListView.swift */,
				238F7CEE22FEAF8600822FD8 /* ListsAndScrollViewsSection.swift */,
				238F7CEC22FEAF6700822FD8 /* ScrollViewView.swift */,
			);
			path = ListsAndScrollViews;
			sourceTree = "<group>";
		};
		238F7CF022FEB10100822FD8 /* ContainerViews */ = {
			isa = PBXGroup;
			children = (
				238F7CF922FEB15C00822FD8 /* ContainerViewsSection.swift */,
				238F7CF122FEB12000822FD8 /* FormView.swift */,
				238F7CF322FEB13D00822FD8 /* GroupView.swift */,
				238F7CF722FEB15100822FD8 /* SectionView.swift */,
			);
			path = ContainerViews;
			sourceTree = "<group>";
		};
		238F7CFB22FEB28700822FD8 /* SpacersAndDividers */ = {
			isa = PBXGroup;
			children = (
				238F7D0022FEB2D700822FD8 /* DividerView.swift */,
				238F7D0222FEB2E600822FD8 /* SpacersAndDividerSection.swift */,
				238F7CFE22FEB2CC00822FD8 /* SpacerView.swift */,
			);
			path = SpacersAndDividers;
			sourceTree = "<group>";
		};
		238F7D0422FEB3F500822FD8 /* ArchitecturalViews  */ = {
			isa = PBXGroup;
			children = (
				238F7D1122FEB46800822FD8 /* ArchitecturalViewsSection.swift */,
				238F7D0522FEB41700822FD8 /* NavigationViewView.swift */,
				238F7D0722FEB42400822FD8 /* TabViewView.swift */,
			);
			path = "ArchitecturalViews ";
			sourceTree = "<group>";
		};
		238F7D1322FEB56700822FD8 /* Presentaions */ = {
			isa = PBXGroup;
			children = (
				238F7D1822FEB5BF00822FD8 /* ActionSheetView.swift */,
				238F7D1622FEB5B100822FD8 /* AlertView.swift */,
				238F7D2222FEB63E00822FD8 /* PresentaitonsSection.swift */,
			);
			path = Presentaions;
			sourceTree = "<group>";
		};
		238F7D1422FEB57400822FD8 /* ConditionallyVisibleItems */ = {
			isa = PBXGroup;
			children = (
				238F7D2422FEB64B00822FD8 /* ConditionallyVisibleItemsSection.swift */,
				238F7D1A22FEB5F700822FD8 /* EmptyViewView.swift */,
				238F7D1C22FEB60200822FD8 /* EquatableViewView.swift */,
			);
			path = ConditionallyVisibleItems;
			sourceTree = "<group>";
		};
		238F7D1522FEB59100822FD8 /* InfrequentlyUsedViews  */ = {
			isa = PBXGroup;
			children = (
				238F7D1E22FEB61600822FD8 /* AnyViewView.swift */,
				238F7D2622FEB65800822FD8 /* InfrequentlyUsedViewsSection.swift */,
				238F7D2022FEB61F00822FD8 /* TupleViewView.swift */,
			);
			path = "InfrequentlyUsedViews ";
			sourceTree = "<group>";
		};
		238F7D2C230372DD00822FD8 /* TwitterUI */ = {
			isa = PBXGroup;
			children = (
				238F7D2D230373AE00822FD8 /* TwitterView.swift */,
				238F7D31230373E000822FD8 /* TweetCell.swift */,
				238F7D332304C0A400822FD8 /* TweetModel.swift */,
			);
			path = TwitterUI;
			sourceTree = "<group>";
		};
		23A1068522E3538900B505B1 = {
			isa = PBXGroup;
			children = (
				23A1069022E3538A00B505B1 /* SwiftUICatalog */,
				23A1068F22E3538A00B505B1 /* Products */,
			);
			sourceTree = "<group>";
		};
		23A1068F22E3538A00B505B1 /* Products */ = {
			isa = PBXGroup;
			children = (
				23A1068E22E3538A00B505B1 /* SwiftUICatalog.app */,
			);
			name = Products;
			sourceTree = "<group>";
		};
		23A1069022E3538A00B505B1 /* SwiftUICatalog */ = {
			isa = PBXGroup;
			children = (
				58AE7BBB22F00075009A56AB /* ViewsAndControls */,
				238F7CDE22FEAD6000822FD8 /* ViewLayoutAndPresentation  */,
				586D129823067AF100F303B4 /* DrawingAndAnimation */,
				238F7D2C230372DD00822FD8 /* TwitterUI */,
				238F7D2A22FEFC6900822FD8 /* RowItem.swift */,
				23A1069122E3538A00B505B1 /* AppDelegate.swift */,
				23A1069322E3538A00B505B1 /* SceneDelegate.swift */,
				23A1069522E3538A00B505B1 /* MainView.swift */,
				23A1069722E3538D00B505B1 /* Assets.xcassets */,
				23A1069C22E3538D00B505B1 /* LaunchScreen.storyboard */,
				23A1069F22E3538D00B505B1 /* Info.plist */,
				23A1069922E3538D00B505B1 /* Preview Content */,
			);
			path = SwiftUICatalog;
			sourceTree = "<group>";
		};
		23A1069922E3538D00B505B1 /* Preview Content */ = {
			isa = PBXGroup;
			children = (
				23A1069A22E3538D00B505B1 /* Preview Assets.xcassets */,
			);
			path = "Preview Content";
			sourceTree = "<group>";
		};
		23B1F0A322FA451D0041669F /* Value Selectors */ = {
			isa = PBXGroup;
			children = (
				23B1F0A822FE682F0041669F /* DatePickerView.swift */,
				23B1F0A622FE68240041669F /* PickerView.swift */,
				23B1F0AA22FE68380041669F /* SliderView.swift */,
				23B1F0AC22FE68430041669F /* StepperView.swift */,
				23B1F0A422FE68190041669F /* ToggleView.swift */,
				235C118222FEA63F00DAB5AF /* ValueSelectorsSection.swift */,
			);
			path = "Value Selectors";
			sourceTree = "<group>";
		};
		58696AFD22F01089003E9C01 /* Images */ = {
			isa = PBXGroup;
			children = (
				235C117E22FEA5D300DAB5AF /* ImageSection.swift */,
				23B1F09722F9B9880041669F /* ImageView.swift */,
			);
			path = Images;
			sourceTree = "<group>";
		};
		58696B0022F010F1003E9C01 /* Buttons */ = {
			isa = PBXGroup;
			children = (
				235C118022FEA60000DAB5AF /* ButtonSection.swift */,
				23B1F09B22F9B99C0041669F /* ButtonView.swift */,
				23B1F09D22F9B99C0041669F /* EditButtonView.swift */,
				23B1F09A22F9B99C0041669F /* NavigationLinkView.swift */,
			);
			path = Buttons;
			sourceTree = "<group>";
		};
		586D129823067AF100F303B4 /* DrawingAndAnimation */ = {
			isa = PBXGroup;
			children = (
				586D129923067B6B00F303B4 /* Animation */,
				586D129A23067B8100F303B4 /* Shapes */,
				586D129B23067B9800F303B4 /* TransformedShapes  */,
				586D129C23067BBC00F303B4 /* PaintsStylesAndGradients */,
				586D129D23067BD900F303B4 /* Geometry */,
			);
			path = DrawingAndAnimation;
			sourceTree = "<group>";
		};
		586D129923067B6B00F303B4 /* Animation */ = {
			isa = PBXGroup;
			children = (
				586D129E23067C0900F303B4 /* AnimationView.swift */,
				586D12A023067C3000F303B4 /* AnimatablePairView.swift */,
				586D12A223067C7700F303B4 /* EmptyAnimatableDataView.swift */,
				586D12A423067C9A00F303B4 /* AnyTransitionView.swift */,
				586D12A623067CC400F303B4 /* AnimationSection.swift */,
			);
			path = Animation;
			sourceTree = "<group>";
		};
		586D129A23067B8100F303B4 /* Shapes */ = {
			isa = PBXGroup;
			children = (
				586D12A823067DEB00F303B4 /* RectangleView.swift */,
				586D12AA23067E0500F303B4 /* RoundedRectangleView.swift */,
				586D12AC23067E1D00F303B4 /* CircleView.swift */,
				586D12AE23067E3200F303B4 /* EllipseView.swift */,
				586D12B023067E4700F303B4 /* CapsuleView.swift */,
				586D12B223067E5900F303B4 /* PathView.swift */,
				586D12B423067E6A00F303B4 /* ShapesSection.swift */,
			);
			path = Shapes;
			sourceTree = "<group>";
		};
		586D129B23067B9800F303B4 /* TransformedShapes  */ = {
			isa = PBXGroup;
			children = (
				586D12B62306807F00F303B4 /* ScaledShapeView.swift */,
				586D12B8230680AA00F303B4 /* RotatedShapeView.swift */,
				586D12BA230680BD00F303B4 /* OffsetShapeView.swift */,
				586D12BC230680D100F303B4 /* TransformedShapeView.swift */,
				586D12BE230680ED00F303B4 /* TransformedShapesSection.swift */,
			);
			path = "TransformedShapes ";
			sourceTree = "<group>";
		};
		586D129C23067BBC00F303B4 /* PaintsStylesAndGradients */ = {
			isa = PBXGroup;
			children = (
				586D12C0230681D500F303B4 /* ColorView.swift */,
				586D12C2230681E900F303B4 /* ImagePaintView.swift */,
				586D12C42306820400F303B4 /* GradientView.swift */,
				586D12C62306821900F303B4 /* LinearGradientView.swift */,
				586D12C82306823300F303B4 /* AngularGradientView.swift */,
				586D12CA2306824900F303B4 /* RadialGradientView.swift */,
				586D12CC2306827800F303B4 /* FillStyleView.swift */,
				586D12CE2306829E00F303B4 /* StrokeStyleView.swift */,
				586D12D0230682BA00F303B4 /* PaintsStylesAndGradientsSection.swift */,
			);
			path = PaintsStylesAndGradients;
			sourceTree = "<group>";
		};
		586D129D23067BD900F303B4 /* Geometry */ = {
			isa = PBXGroup;
			children = (
				586D12D2230683E900F303B4 /* GeometryProxyView.swift */,
				586D12D4230683FB00F303B4 /* GeometryReaderView.swift */,
				586D12D62306840D00F303B4 /* AngleView.swift */,
				586D12D82306842100F303B4 /* AnchorView.swift */,
				586D12DA2306845200F303B4 /* UnitPointView.swift */,
				586D12DC2306846600F303B4 /* ProjectionTransformView.swift */,
				586D12DE2306847600F303B4 /* GeometrySection.swift */,
			);
			path = Geometry;
			sourceTree = "<group>";
		};
		58AE7BBB22F00075009A56AB /* ViewsAndControls */ = {
			isa = PBXGroup;
			children = (
				58AE7BBC22F00091009A56AB /* Text */,
				58696AFD22F01089003E9C01 /* Images */,
				58696B0022F010F1003E9C01 /* Buttons */,
				23B1F0A322FA451D0041669F /* Value Selectors */,
			);
			path = ViewsAndControls;
			sourceTree = "<group>";
		};
		58AE7BBC22F00091009A56AB /* Text */ = {
			isa = PBXGroup;
			children = (
				23B1F09222F9B94B0041669F /* FontView.swift */,
				23B1F09322F9B94B0041669F /* SecureFieldView.swift */,
				23B1F09122F9B94B0041669F /* TextFieldView.swift */,
				235C117C22FEA59500DAB5AF /* TextSection.swift */,
				23B1F08F22F9B9180041669F /* TextView.swift */,
			);
			path = Text;
			sourceTree = "<group>";
		};
/* End PBXGroup section */

/* Begin PBXNativeTarget section */
		23A1068D22E3538A00B505B1 /* SwiftUICatalog */ = {
			isa = PBXNativeTarget;
			buildConfigurationList = 23A106A222E3538D00B505B1 /* Build configuration list for PBXNativeTarget "SwiftUICatalog" */;
			buildPhases = (
				23A1068A22E3538A00B505B1 /* Sources */,
				23A1068B22E3538A00B505B1 /* Frameworks */,
				23A1068C22E3538A00B505B1 /* Resources */,
			);
			buildRules = (
			);
			dependencies = (
			);
			name = SwiftUICatalog;
			productName = SwiftUICatalog;
			productReference = 23A1068E22E3538A00B505B1 /* SwiftUICatalog.app */;
			productType = "com.apple.product-type.application";
		};
/* End PBXNativeTarget section */

/* Begin PBXProject section */
		23A1068622E3538900B505B1 /* Project object */ = {
			isa = PBXProject;
			attributes = {
				LastSwiftUpdateCheck = 1100;
				LastUpgradeCheck = 1100;
				ORGANIZATIONNAME = "usagi-tech";
				TargetAttributes = {
					23A1068D22E3538A00B505B1 = {
						CreatedOnToolsVersion = 11.0;
					};
				};
			};
			buildConfigurationList = 23A1068922E3538900B505B1 /* Build configuration list for PBXProject "SwiftUICatalog" */;
			compatibilityVersion = "Xcode 9.3";
			developmentRegion = en;
			hasScannedForEncodings = 0;
			knownRegions = (
				en,
				Base,
			);
			mainGroup = 23A1068522E3538900B505B1;
			productRefGroup = 23A1068F22E3538A00B505B1 /* Products */;
			projectDirPath = "";
			projectRoot = "";
			targets = (
				23A1068D22E3538A00B505B1 /* SwiftUICatalog */,
			);
		};
/* End PBXProject section */

/* Begin PBXResourcesBuildPhase section */
		23A1068C22E3538A00B505B1 /* Resources */ = {
			isa = PBXResourcesBuildPhase;
			buildActionMask = 2147483647;
			files = (
				23A1069E22E3538D00B505B1 /* LaunchScreen.storyboard in Resources */,
				23A1069B22E3538D00B505B1 /* Preview Assets.xcassets in Resources */,
				23A1069822E3538D00B505B1 /* Assets.xcassets in Resources */,
			);
			runOnlyForDeploymentPostprocessing = 0;
		};
/* End PBXResourcesBuildPhase section */

/* Begin PBXSourcesBuildPhase section */
		23A1068A22E3538A00B505B1 /* Sources */ = {
			isa = PBXSourcesBuildPhase;
			buildActionMask = 2147483647;
			files = (
				235C118322FEA63F00DAB5AF /* ValueSelectorsSection.swift in Sources */,
				23B1F09622F9B94B0041669F /* SecureFieldView.swift in Sources */,
				586D12B523067E6A00F303B4 /* ShapesSection.swift in Sources */,
				23B1F09422F9B94B0041669F /* TextFieldView.swift in Sources */,
				238F7D1922FEB5BF00822FD8 /* ActionSheetView.swift in Sources */,
				238F7CEF22FEAF8600822FD8 /* ListsAndScrollViewsSection.swift in Sources */,
				586D12A123067C3000F303B4 /* AnimatablePairView.swift in Sources */,
				238F7CE222FEADA000822FD8 /* HStackView.swift in Sources */,
				586D12B72306807F00F303B4 /* ScaledShapeView.swift in Sources */,
				238F7D2E230373AE00822FD8 /* TwitterView.swift in Sources */,
				238F7CE022FEAD9400822FD8 /* StacksSection.swift in Sources */,
				23B1F0AD22FE68430041669F /* StepperView.swift in Sources */,
				238F7CE422FEADAD00822FD8 /* VStackView.swift in Sources */,
				586D12BD230680D100F303B4 /* TransformedShapeView.swift in Sources */,
				586D12A923067DEB00F303B4 /* RectangleView.swift in Sources */,
				23B1F09822F9B9880041669F /* ImageView.swift in Sources */,
				238F7D0622FEB41700822FD8 /* NavigationViewView.swift in Sources */,
				238F7D1222FEB46800822FD8 /* ArchitecturalViewsSection.swift in Sources */,
				23B1F09022F9B9180041669F /* TextView.swift in Sources */,
				23B1F0A922FE682F0041669F /* DatePickerView.swift in Sources */,
				238F7CFA22FEB15C00822FD8 /* ContainerViewsSection.swift in Sources */,
				238F7CEB22FEAF5D00822FD8 /* ForEachView.swift in Sources */,
				586D129F23067C0900F303B4 /* AnimationView.swift in Sources */,
				238F7D2322FEB63E00822FD8 /* PresentaitonsSection.swift in Sources */,
				586D12B123067E4700F303B4 /* CapsuleView.swift in Sources */,
				23B1F0A522FE68190041669F /* ToggleView.swift in Sources */,
				586D12D92306842100F303B4 /* AnchorView.swift in Sources */,
				238F7D1D22FEB60200822FD8 /* EquatableViewView.swift in Sources */,
				586D12A723067CC400F303B4 /* AnimationSection.swift in Sources */,
				586D12DD2306846600F303B4 /* ProjectionTransformView.swift in Sources */,
				586D12D72306840D00F303B4 /* AngleView.swift in Sources */,
				23A1069222E3538A00B505B1 /* AppDelegate.swift in Sources */,
				23B1F0A722FE68240041669F /* PickerView.swift in Sources */,
				238F7CF222FEB12000822FD8 /* FormView.swift in Sources */,
				238F7CFF22FEB2CC00822FD8 /* SpacerView.swift in Sources */,
				238F7CF422FEB13D00822FD8 /* GroupView.swift in Sources */,
				586D12D3230683E900F303B4 /* GeometryProxyView.swift in Sources */,
				586D12CB2306824900F303B4 /* RadialGradientView.swift in Sources */,
				235C117F22FEA5D300DAB5AF /* ImageSection.swift in Sources */,
				238F7D2122FEB61F00822FD8 /* TupleViewView.swift in Sources */,
				238F7D1722FEB5B100822FD8 /* AlertView.swift in Sources */,
				586D12A523067C9A00F303B4 /* AnyTransitionView.swift in Sources */,
				586D12AF23067E3200F303B4 /* EllipseView.swift in Sources */,
				23B1F0A022F9B99D0041669F /* ButtonView.swift in Sources */,
				586D12BF230680ED00F303B4 /* TransformedShapesSection.swift in Sources */,
				238F7D1B22FEB5F700822FD8 /* EmptyViewView.swift in Sources */,
				238F7CE922FEAF5200822FD8 /* ListView.swift in Sources */,
				586D12B9230680AA00F303B4 /* RotatedShapeView.swift in Sources */,
				586D12CF2306829E00F303B4 /* StrokeStyleView.swift in Sources */,
				586D12D5230683FB00F303B4 /* GeometryReaderView.swift in Sources */,
				586D12BB230680BD00F303B4 /* OffsetShapeView.swift in Sources */,
				238F7D342304C0A400822FD8 /* TweetModel.swift in Sources */,
				586D12B323067E5900F303B4 /* PathView.swift in Sources */,
				235C117D22FEA59500DAB5AF /* TextSection.swift in Sources */,
				586D12C72306821900F303B4 /* LinearGradientView.swift in Sources */,
				238F7D2B22FEFC6900822FD8 /* RowItem.swift in Sources */,
				586D12C1230681D500F303B4 /* ColorView.swift in Sources */,
				586D12D1230682BA00F303B4 /* PaintsStylesAndGradientsSection.swift in Sources */,
				23B1F0AB22FE68380041669F /* SliderView.swift in Sources */,
				586D12C92306823300F303B4 /* AngularGradientView.swift in Sources */,
				23B1F0A222F9B99D0041669F /* EditButtonView.swift in Sources */,
				586D12C52306820400F303B4 /* GradientView.swift in Sources */,
				235C118122FEA60000DAB5AF /* ButtonSection.swift in Sources */,
				238F7D0122FEB2D700822FD8 /* DividerView.swift in Sources */,
				586D12DB2306845200F303B4 /* UnitPointView.swift in Sources */,
				586D12DF2306847600F303B4 /* GeometrySection.swift in Sources */,
				586D12CD2306827800F303B4 /* FillStyleView.swift in Sources */,
				23B1F09F22F9B99D0041669F /* NavigationLinkView.swift in Sources */,
				238F7CF822FEB15100822FD8 /* SectionView.swift in Sources */,
				238F7D0822FEB42400822FD8 /* TabViewView.swift in Sources */,
				586D12AB23067E0500F303B4 /* RoundedRectangleView.swift in Sources */,
				23A1069422E3538A00B505B1 /* SceneDelegate.swift in Sources */,
				238F7D1F22FEB61600822FD8 /* AnyViewView.swift in Sources */,
				238F7D0322FEB2E600822FD8 /* SpacersAndDividerSection.swift in Sources */,
				586D12AD23067E1D00F303B4 /* CircleView.swift in Sources */,
				586D12A323067C7700F303B4 /* EmptyAnimatableDataView.swift in Sources */,
				23A1069622E3538A00B505B1 /* MainView.swift in Sources */,
				238F7D2722FEB65800822FD8 /* InfrequentlyUsedViewsSection.swift in Sources */,
				238F7D32230373E000822FD8 /* TweetCell.swift in Sources */,
				238F7CE622FEADB800822FD8 /* ZStackView.swift in Sources */,
				238F7CED22FEAF6700822FD8 /* ScrollViewView.swift in Sources */,
				586D12C3230681E900F303B4 /* ImagePaintView.swift in Sources */,
				23B1F09522F9B94B0041669F /* FontView.swift in Sources */,
				238F7D2522FEB64B00822FD8 /* ConditionallyVisibleItemsSection.swift in Sources */,
			);
			runOnlyForDeploymentPostprocessing = 0;
		};
/* End PBXSourcesBuildPhase section */

/* Begin PBXVariantGroup section */
		23A1069C22E3538D00B505B1 /* LaunchScreen.storyboard */ = {
			isa = PBXVariantGroup;
			children = (
				23A1069D22E3538D00B505B1 /* Base */,
			);
			name = LaunchScreen.storyboard;
			sourceTree = "<group>";
		};
/* End PBXVariantGroup section */

/* Begin XCBuildConfiguration section */
		23A106A022E3538D00B505B1 /* Debug */ = {
			isa = XCBuildConfiguration;
			buildSettings = {
				ALWAYS_SEARCH_USER_PATHS = NO;
				CLANG_ANALYZER_NONNULL = YES;
				CLANG_ANALYZER_NUMBER_OBJECT_CONVERSION = YES_AGGRESSIVE;
				CLANG_CXX_LANGUAGE_STANDARD = "gnu++14";
				CLANG_CXX_LIBRARY = "libc++";
				CLANG_ENABLE_MODULES = YES;
				CLANG_ENABLE_OBJC_ARC = YES;
				CLANG_ENABLE_OBJC_WEAK = YES;
				CLANG_WARN_BLOCK_CAPTURE_AUTORELEASING = YES;
				CLANG_WARN_BOOL_CONVERSION = YES;
				CLANG_WARN_COMMA = YES;
				CLANG_WARN_CONSTANT_CONVERSION = YES;
				CLANG_WARN_DEPRECATED_OBJC_IMPLEMENTATIONS = YES;
				CLANG_WARN_DIRECT_OBJC_ISA_USAGE = YES_ERROR;
				CLANG_WARN_DOCUMENTATION_COMMENTS = YES;
				CLANG_WARN_EMPTY_BODY = YES;
				CLANG_WARN_ENUM_CONVERSION = YES;
				CLANG_WARN_INFINITE_RECURSION = YES;
				CLANG_WARN_INT_CONVERSION = YES;
				CLANG_WARN_NON_LITERAL_NULL_CONVERSION = YES;
				CLANG_WARN_OBJC_IMPLICIT_RETAIN_SELF = YES;
				CLANG_WARN_OBJC_LITERAL_CONVERSION = YES;
				CLANG_WARN_OBJC_ROOT_CLASS = YES_ERROR;
				CLANG_WARN_RANGE_LOOP_ANALYSIS = YES;
				CLANG_WARN_STRICT_PROTOTYPES = YES;
				CLANG_WARN_SUSPICIOUS_MOVE = YES;
				CLANG_WARN_UNGUARDED_AVAILABILITY = YES_AGGRESSIVE;
				CLANG_WARN_UNREACHABLE_CODE = YES;
				CLANG_WARN__DUPLICATE_METHOD_MATCH = YES;
				COPY_PHASE_STRIP = NO;
				DEBUG_INFORMATION_FORMAT = dwarf;
				ENABLE_STRICT_OBJC_MSGSEND = YES;
				ENABLE_TESTABILITY = YES;
				GCC_C_LANGUAGE_STANDARD = gnu11;
				GCC_DYNAMIC_NO_PIC = NO;
				GCC_NO_COMMON_BLOCKS = YES;
				GCC_OPTIMIZATION_LEVEL = 0;
				GCC_PREPROCESSOR_DEFINITIONS = (
					"DEBUG=1",
					"$(inherited)",
				);
				GCC_WARN_64_TO_32_BIT_CONVERSION = YES;
				GCC_WARN_ABOUT_RETURN_TYPE = YES_ERROR;
				GCC_WARN_UNDECLARED_SELECTOR = YES;
				GCC_WARN_UNINITIALIZED_AUTOS = YES_AGGRESSIVE;
				GCC_WARN_UNUSED_FUNCTION = YES;
				GCC_WARN_UNUSED_VARIABLE = YES;
				IPHONEOS_DEPLOYMENT_TARGET = 13.0;
				MTL_ENABLE_DEBUG_INFO = INCLUDE_SOURCE;
				MTL_FAST_MATH = YES;
				ONLY_ACTIVE_ARCH = YES;
				SDKROOT = iphoneos;
				SWIFT_ACTIVE_COMPILATION_CONDITIONS = DEBUG;
				SWIFT_OPTIMIZATION_LEVEL = "-Onone";
			};
			name = Debug;
		};
		23A106A122E3538D00B505B1 /* Release */ = {
			isa = XCBuildConfiguration;
			buildSettings = {
				ALWAYS_SEARCH_USER_PATHS = NO;
				CLANG_ANALYZER_NONNULL = YES;
				CLANG_ANALYZER_NUMBER_OBJECT_CONVERSION = YES_AGGRESSIVE;
				CLANG_CXX_LANGUAGE_STANDARD = "gnu++14";
				CLANG_CXX_LIBRARY = "libc++";
				CLANG_ENABLE_MODULES = YES;
				CLANG_ENABLE_OBJC_ARC = YES;
				CLANG_ENABLE_OBJC_WEAK = YES;
				CLANG_WARN_BLOCK_CAPTURE_AUTORELEASING = YES;
				CLANG_WARN_BOOL_CONVERSION = YES;
				CLANG_WARN_COMMA = YES;
				CLANG_WARN_CONSTANT_CONVERSION = YES;
				CLANG_WARN_DEPRECATED_OBJC_IMPLEMENTATIONS = YES;
				CLANG_WARN_DIRECT_OBJC_ISA_USAGE = YES_ERROR;
				CLANG_WARN_DOCUMENTATION_COMMENTS = YES;
				CLANG_WARN_EMPTY_BODY = YES;
				CLANG_WARN_ENUM_CONVERSION = YES;
				CLANG_WARN_INFINITE_RECURSION = YES;
				CLANG_WARN_INT_CONVERSION = YES;
				CLANG_WARN_NON_LITERAL_NULL_CONVERSION = YES;
				CLANG_WARN_OBJC_IMPLICIT_RETAIN_SELF = YES;
				CLANG_WARN_OBJC_LITERAL_CONVERSION = YES;
				CLANG_WARN_OBJC_ROOT_CLASS = YES_ERROR;
				CLANG_WARN_RANGE_LOOP_ANALYSIS = YES;
				CLANG_WARN_STRICT_PROTOTYPES = YES;
				CLANG_WARN_SUSPICIOUS_MOVE = YES;
				CLANG_WARN_UNGUARDED_AVAILABILITY = YES_AGGRESSIVE;
				CLANG_WARN_UNREACHABLE_CODE = YES;
				CLANG_WARN__DUPLICATE_METHOD_MATCH = YES;
				COPY_PHASE_STRIP = NO;
				DEBUG_INFORMATION_FORMAT = "dwarf-with-dsym";
				ENABLE_NS_ASSERTIONS = NO;
				ENABLE_STRICT_OBJC_MSGSEND = YES;
				GCC_C_LANGUAGE_STANDARD = gnu11;
				GCC_NO_COMMON_BLOCKS = YES;
				GCC_WARN_64_TO_32_BIT_CONVERSION = YES;
				GCC_WARN_ABOUT_RETURN_TYPE = YES_ERROR;
				GCC_WARN_UNDECLARED_SELECTOR = YES;
				GCC_WARN_UNINITIALIZED_AUTOS = YES_AGGRESSIVE;
				GCC_WARN_UNUSED_FUNCTION = YES;
				GCC_WARN_UNUSED_VARIABLE = YES;
				IPHONEOS_DEPLOYMENT_TARGET = 13.0;
				MTL_ENABLE_DEBUG_INFO = NO;
				MTL_FAST_MATH = YES;
				SDKROOT = iphoneos;
				SWIFT_COMPILATION_MODE = wholemodule;
				SWIFT_OPTIMIZATION_LEVEL = "-O";
				VALIDATE_PRODUCT = YES;
			};
			name = Release;
		};
		23A106A322E3538D00B505B1 /* Debug */ = {
			isa = XCBuildConfiguration;
			buildSettings = {
				ASSETCATALOG_COMPILER_APPICON_NAME = AppIcon;
				CODE_SIGN_STYLE = Automatic;
				DEVELOPMENT_ASSET_PATHS = "SwiftUICatalog/Preview\\ Content";
				ENABLE_PREVIEWS = YES;
				INFOPLIST_FILE = SwiftUICatalog/Info.plist;
				LD_RUNPATH_SEARCH_PATHS = (
					"$(inherited)",
					"@executable_path/Frameworks",
				);
				PRODUCT_BUNDLE_IDENTIFIER = com.github.usayuki.SwiftUICatalog;
				PRODUCT_NAME = "$(TARGET_NAME)";
				SWIFT_VERSION = 5.0;
				TARGETED_DEVICE_FAMILY = "1,2";
			};
			name = Debug;
		};
		23A106A422E3538D00B505B1 /* Release */ = {
			isa = XCBuildConfiguration;
			buildSettings = {
				ASSETCATALOG_COMPILER_APPICON_NAME = AppIcon;
				CODE_SIGN_STYLE = Automatic;
				DEVELOPMENT_ASSET_PATHS = "SwiftUICatalog/Preview\\ Content";
				ENABLE_PREVIEWS = YES;
				INFOPLIST_FILE = SwiftUICatalog/Info.plist;
				LD_RUNPATH_SEARCH_PATHS = (
					"$(inherited)",
					"@executable_path/Frameworks",
				);
				PRODUCT_BUNDLE_IDENTIFIER = com.github.usayuki.SwiftUICatalog;
				PRODUCT_NAME = "$(TARGET_NAME)";
				SWIFT_VERSION = 5.0;
				TARGETED_DEVICE_FAMILY = "1,2";
			};
			name = Release;
		};
/* End XCBuildConfiguration section */

/* Begin XCConfigurationList section */
		23A1068922E3538900B505B1 /* Build configuration list for PBXProject "SwiftUICatalog" */ = {
			isa = XCConfigurationList;
			buildConfigurations = (
				23A106A022E3538D00B505B1 /* Debug */,
				23A106A122E3538D00B505B1 /* Release */,
			);
			defaultConfigurationIsVisible = 0;
			defaultConfigurationName = Release;
		};
		23A106A222E3538D00B505B1 /* Build configuration list for PBXNativeTarget "SwiftUICatalog" */ = {
			isa = XCConfigurationList;
			buildConfigurations = (
				23A106A322E3538D00B505B1 /* Debug */,
				23A106A422E3538D00B505B1 /* Release */,
			);
			defaultConfigurationIsVisible = 0;
			defaultConfigurationName = Release;
		};
/* End XCConfigurationList section */
	};
	rootObject = 23A1068622E3538900B505B1 /* Project object */;
}
